// !$*UTF8*$!
{
	archiveVersion = 1;
	classes = {
	};
	objectVersion = 56;
	objects = {

/* Begin PBXBuildFile section */
		79540DA62A133F2100C96657 /* TestAppApp.swift in Sources */ = {isa = PBXBuildFile; fileRef = 79540DA52A133F2100C96657 /* TestAppApp.swift */; };
		79540DA82A133F2100C96657 /* ContentView.swift in Sources */ = {isa = PBXBuildFile; fileRef = 79540DA72A133F2100C96657 /* ContentView.swift */; };
		79540DAA2A133F2200C96657 /* Assets.xcassets in Resources */ = {isa = PBXBuildFile; fileRef = 79540DA92A133F2200C96657 /* Assets.xcassets */; };
		79540DAD2A133F2200C96657 /* Preview Assets.xcassets in Resources */ = {isa = PBXBuildFile; fileRef = 79540DAC2A133F2200C96657 /* Preview Assets.xcassets */; };
		79540DC72A134C6400C96657 /* UserViewModel.swift in Sources */ = {isa = PBXBuildFile; fileRef = 79540DC62A134C6400C96657 /* UserViewModel.swift */; };
		79540DCA2A13669000C96657 /* FirebaseAuth in Frameworks */ = {isa = PBXBuildFile; productRef = 79540DC92A13669000C96657 /* FirebaseAuth */; };
		79540DCC2A13669000C96657 /* FirebaseDatabase in Frameworks */ = {isa = PBXBuildFile; productRef = 79540DCB2A13669000C96657 /* FirebaseDatabase */; };
		79540DCE2A13669000C96657 /* FirebaseDatabaseSwift in Frameworks */ = {isa = PBXBuildFile; productRef = 79540DCD2A13669000C96657 /* FirebaseDatabaseSwift */; };
		79540DD02A13669000C96657 /* FirebaseFirestore in Frameworks */ = {isa = PBXBuildFile; productRef = 79540DCF2A13669000C96657 /* FirebaseFirestore */; };
		79540DD22A13669000C96657 /* FirebaseFirestoreSwift in Frameworks */ = {isa = PBXBuildFile; productRef = 79540DD12A13669000C96657 /* FirebaseFirestoreSwift */; };
		79540DD42A13669000C96657 /* FirebaseStorage in Frameworks */ = {isa = PBXBuildFile; productRef = 79540DD32A13669000C96657 /* FirebaseStorage */; };
		79540DD62A1366A800C96657 /* GoogleService-Info.plist in Resources */ = {isa = PBXBuildFile; fileRef = 79540DD52A1366A800C96657 /* GoogleService-Info.plist */; };
		79540DDA2A137ED300C96657 /* TabBarView.swift in Sources */ = {isa = PBXBuildFile; fileRef = 79540DD92A137ED300C96657 /* TabBarView.swift */; };
		79540DDC2A13815500C96657 /* AddPostView.swift in Sources */ = {isa = PBXBuildFile; fileRef = 79540DDB2A13815500C96657 /* AddPostView.swift */; };
		79540DDE2A1381BA00C96657 /* ListView.swift in Sources */ = {isa = PBXBuildFile; fileRef = 79540DDD2A1381BA00C96657 /* ListView.swift */; };
		79540DE02A1381E700C96657 /* SettingView.swift in Sources */ = {isa = PBXBuildFile; fileRef = 79540DDF2A1381E700C96657 /* SettingView.swift */; };
		79540DE22A13837D00C96657 /* AddPostViewModel.swift in Sources */ = {isa = PBXBuildFile; fileRef = 79540DE12A13837D00C96657 /* AddPostViewModel.swift */; };
		79540DE42A138B7300C96657 /* ReadPostViewModel.swift in Sources */ = {isa = PBXBuildFile; fileRef = 79540DE32A138B7300C96657 /* ReadPostViewModel.swift */; };
		79540DE62A138B9F00C96657 /* PostModel.swift in Sources */ = {isa = PBXBuildFile; fileRef = 79540DE52A138B9F00C96657 /* PostModel.swift */; };
		79540DE82A13A8A600C96657 /* DeletePostViewModel.swift in Sources */ = {isa = PBXBuildFile; fileRef = 79540DE72A13A8A600C96657 /* DeletePostViewModel.swift */; };
/* End PBXBuildFile section */

/* Begin PBXFileReference section */
		79540DA22A133F2100C96657 /* TestApp.app */ = {isa = PBXFileReference; explicitFileType = wrapper.application; includeInIndex = 0; path = TestApp.app; sourceTree = BUILT_PRODUCTS_DIR; };
		79540DA52A133F2100C96657 /* TestAppApp.swift */ = {isa = PBXFileReference; lastKnownFileType = sourcecode.swift; path = TestAppApp.swift; sourceTree = "<group>"; };
		79540DA72A133F2100C96657 /* ContentView.swift */ = {isa = PBXFileReference; lastKnownFileType = sourcecode.swift; path = ContentView.swift; sourceTree = "<group>"; };
		79540DA92A133F2200C96657 /* Assets.xcassets */ = {isa = PBXFileReference; lastKnownFileType = folder.assetcatalog; path = Assets.xcassets; sourceTree = "<group>"; };
		79540DAC2A133F2200C96657 /* Preview Assets.xcassets */ = {isa = PBXFileReference; lastKnownFileType = folder.assetcatalog; path = "Preview Assets.xcassets"; sourceTree = "<group>"; };
		79540DC02A134BD800C96657 /* GoogleService-Info.plist */ = {isa = PBXFileReference; lastKnownFileType = text.plist.xml; path = "GoogleService-Info.plist"; sourceTree = "<group>"; };
		79540DC62A134C6400C96657 /* UserViewModel.swift */ = {isa = PBXFileReference; lastKnownFileType = sourcecode.swift; path = UserViewModel.swift; sourceTree = "<group>"; };
		79540DD52A1366A800C96657 /* GoogleService-Info.plist */ = {isa = PBXFileReference; fileEncoding = 4; lastKnownFileType = text.plist.xml; name = "GoogleService-Info.plist"; path = "../../../Downloads/GoogleService-Info.plist"; sourceTree = "<group>"; };
		79540DD92A137ED300C96657 /* TabBarView.swift */ = {isa = PBXFileReference; lastKnownFileType = sourcecode.swift; path = TabBarView.swift; sourceTree = "<group>"; };
		79540DDB2A13815500C96657 /* AddPostView.swift */ = {isa = PBXFileReference; lastKnownFileType = sourcecode.swift; path = AddPostView.swift; sourceTree = "<group>"; };
		79540DDD2A1381BA00C96657 /* ListView.swift */ = {isa = PBXFileReference; lastKnownFileType = sourcecode.swift; path = ListView.swift; sourceTree = "<group>"; };
		79540DDF2A1381E700C96657 /* SettingView.swift */ = {isa = PBXFileReference; lastKnownFileType = sourcecode.swift; path = SettingView.swift; sourceTree = "<group>"; };
		79540DE12A13837D00C96657 /* AddPostViewModel.swift */ = {isa = PBXFileReference; lastKnownFileType = sourcecode.swift; path = AddPostViewModel.swift; sourceTree = "<group>"; };
		79540DE32A138B7300C96657 /* ReadPostViewModel.swift */ = {isa = PBXFileReference; lastKnownFileType = sourcecode.swift; path = ReadPostViewModel.swift; sourceTree = "<group>"; };
		79540DE52A138B9F00C96657 /* PostModel.swift */ = {isa = PBXFileReference; lastKnownFileType = sourcecode.swift; path = PostModel.swift; sourceTree = "<group>"; };
		79540DE72A13A8A600C96657 /* DeletePostViewModel.swift */ = {isa = PBXFileReference; lastKnownFileType = sourcecode.swift; path = DeletePostViewModel.swift; sourceTree = "<group>"; };
/* End PBXFileReference section */

/* Begin PBXFrameworksBuildPhase section */
		79540D9F2A133F2100C96657 /* Frameworks */ = {
			isa = PBXFrameworksBuildPhase;
			buildActionMask = 2147483647;
			files = (
				79540DD22A13669000C96657 /* FirebaseFirestoreSwift in Frameworks */,
				79540DCE2A13669000C96657 /* FirebaseDatabaseSwift in Frameworks */,
				79540DD02A13669000C96657 /* FirebaseFirestore in Frameworks */,
				79540DCC2A13669000C96657 /* FirebaseDatabase in Frameworks */,
				79540DCA2A13669000C96657 /* FirebaseAuth in Frameworks */,
				79540DD42A13669000C96657 /* FirebaseStorage in Frameworks */,
			);
			runOnlyForDeploymentPostprocessing = 0;
		};
/* End PBXFrameworksBuildPhase section */

/* Begin PBXGroup section */
		79540D992A133F2100C96657 = {
			isa = PBXGroup;
			children = (
				79540DA42A133F2100C96657 /* TestApp */,
				79540DA32A133F2100C96657 /* Products */,
			);
			sourceTree = "<group>";
		};
		79540DA32A133F2100C96657 /* Products */ = {
			isa = PBXGroup;
			children = (
				79540DA22A133F2100C96657 /* TestApp.app */,
			);
			name = Products;
			sourceTree = "<group>";
		};
		79540DA42A133F2100C96657 /* TestApp */ = {
			isa = PBXGroup;
			children = (
				79540DD52A1366A800C96657 /* GoogleService-Info.plist */,
				79540DC52A134C3B00C96657 /* View */,
				79540DC42A134C3100C96657 /* Mode */,
				79540DC32A134C2400C96657 /* ViewModel */,
				79540DA52A133F2100C96657 /* TestAppApp.swift */,
				79540DA72A133F2100C96657 /* ContentView.swift */,
				79540DA92A133F2200C96657 /* Assets.xcassets */,
				79540DAB2A133F2200C96657 /* Preview Content */,
			);
			path = TestApp;
			sourceTree = "<group>";
		};
		79540DAB2A133F2200C96657 /* Preview Content */ = {
			isa = PBXGroup;
			children = (
				79540DC02A134BD800C96657 /* GoogleService-Info.plist */,
				79540DAC2A133F2200C96657 /* Preview Assets.xcassets */,
			);
			path = "Preview Content";
			sourceTree = "<group>";
		};
		79540DC32A134C2400C96657 /* ViewModel */ = {
			isa = PBXGroup;
			children = (
				79540DC62A134C6400C96657 /* UserViewModel.swift */,
				79540DE12A13837D00C96657 /* AddPostViewModel.swift */,
				79540DE32A138B7300C96657 /* ReadPostViewModel.swift */,
				79540DE72A13A8A600C96657 /* DeletePostViewModel.swift */,
			);
			path = ViewModel;
			sourceTree = "<group>";
		};
		79540DC42A134C3100C96657 /* Mode */ = {
			isa = PBXGroup;
			children = (
				79540DE52A138B9F00C96657 /* PostModel.swift */,
			);
			path = Mode;
			sourceTree = "<group>";
		};
		79540DC52A134C3B00C96657 /* View */ = {
			isa = PBXGroup;
			children = (
				79540DD92A137ED300C96657 /* TabBarView.swift */,
				79540DDB2A13815500C96657 /* AddPostView.swift */,
				79540DDD2A1381BA00C96657 /* ListView.swift */,
				79540DDF2A1381E700C96657 /* SettingView.swift */,
			);
			path = View;
			sourceTree = "<group>";
		};
/* End PBXGroup section */

/* Begin PBXNativeTarget section */
		79540DA12A133F2100C96657 /* TestApp */ = {
			isa = PBXNativeTarget;
			buildConfigurationList = 79540DB02A133F2200C96657 /* Build configuration list for PBXNativeTarget "TestApp" */;
			buildPhases = (
				79540D9E2A133F2100C96657 /* Sources */,
				79540D9F2A133F2100C96657 /* Frameworks */,
				79540DA02A133F2100C96657 /* Resources */,
			);
			buildRules = (
			);
			dependencies = (
			);
			name = TestApp;
			packageProductDependencies = (
				79540DC92A13669000C96657 /* FirebaseAuth */,
				79540DCB2A13669000C96657 /* FirebaseDatabase */,
				79540DCD2A13669000C96657 /* FirebaseDatabaseSwift */,
				79540DCF2A13669000C96657 /* FirebaseFirestore */,
				79540DD12A13669000C96657 /* FirebaseFirestoreSwift */,
				79540DD32A13669000C96657 /* FirebaseStorage */,
			);
			productName = TestApp;
			productReference = 79540DA22A133F2100C96657 /* TestApp.app */;
			productType = "com.apple.product-type.application";
		};
/* End PBXNativeTarget section */

/* Begin PBXProject section */
		79540D9A2A133F2100C96657 /* Project object */ = {
			isa = PBXProject;
			attributes = {
				BuildIndependentTargetsInParallel = 1;
				LastSwiftUpdateCheck = 1430;
				LastUpgradeCheck = 1430;
				TargetAttributes = {
					79540DA12A133F2100C96657 = {
						CreatedOnToolsVersion = 14.3;
					};
				};
			};
			buildConfigurationList = 79540D9D2A133F2100C96657 /* Build configuration list for PBXProject "TestApp" */;
			compatibilityVersion = "Xcode 14.0";
			developmentRegion = en;
			hasScannedForEncodings = 0;
			knownRegions = (
				en,
				Base,
			);
			mainGroup = 79540D992A133F2100C96657;
			packageReferences = (
				79540DC82A13669000C96657 /* XCRemoteSwiftPackageReference "firebase-ios-sdk" */,
			);
			productRefGroup = 79540DA32A133F2100C96657 /* Products */;
			projectDirPath = "";
			projectRoot = "";
			targets = (
				79540DA12A133F2100C96657 /* TestApp */,
			);
		};
/* End PBXProject section */

/* Begin PBXResourcesBuildPhase section */
		79540DA02A133F2100C96657 /* Resources */ = {
			isa = PBXResourcesBuildPhase;
			buildActionMask = 2147483647;
			files = (
				79540DAD2A133F2200C96657 /* Preview Assets.xcassets in Resources */,
				79540DAA2A133F2200C96657 /* Assets.xcassets in Resources */,
				79540DD62A1366A800C96657 /* GoogleService-Info.plist in Resources */,
			);
			runOnlyForDeploymentPostprocessing = 0;
		};
/* End PBXResourcesBuildPhase section */

/* Begin PBXSourcesBuildPhase section */
		79540D9E2A133F2100C96657 /* Sources */ = {
			isa = PBXSourcesBuildPhase;
			buildActionMask = 2147483647;
			files = (
				79540DE42A138B7300C96657 /* ReadPostViewModel.swift in Sources */,
				79540DE62A138B9F00C96657 /* PostModel.swift in Sources */,
				79540DE82A13A8A600C96657 /* DeletePostViewModel.swift in Sources */,
				79540DA82A133F2100C96657 /* ContentView.swift in Sources */,
				79540DC72A134C6400C96657 /* UserViewModel.swift in Sources */,
				79540DA62A133F2100C96657 /* TestAppApp.swift in Sources */,
				79540DDE2A1381BA00C96657 /* ListView.swift in Sources */,
				79540DDA2A137ED300C96657 /* TabBarView.swift in Sources */,
				79540DE02A1381E700C96657 /* SettingView.swift in Sources */,
				79540DDC2A13815500C96657 /* AddPostView.swift in Sources */,
				79540DE22A13837D00C96657 /* AddPostViewModel.swift in Sources */,
			);
			runOnlyForDeploymentPostprocessing = 0;
		};
/* End PBXSourcesBuildPhase section */

/* Begin XCBuildConfiguration section */
		79540DAE2A133F2200C96657 /* Debug */ = {
			isa = XCBuildConfiguration;
			buildSettings = {
				ALWAYS_SEARCH_USER_PATHS = NO;
				CLANG_ANALYZER_NONNULL = YES;
				CLANG_ANALYZER_NUMBER_OBJECT_CONVERSION = YES_AGGRESSIVE;
				CLANG_CXX_LANGUAGE_STANDARD = "gnu++20";
				CLANG_ENABLE_MODULES = YES;
				CLANG_ENABLE_OBJC_ARC = YES;
				CLANG_ENABLE_OBJC_WEAK = YES;
				CLANG_WARN_BLOCK_CAPTURE_AUTORELEASING = YES;
				CLANG_WARN_BOOL_CONVERSION = YES;
				CLANG_WARN_COMMA = YES;
				CLANG_WARN_CONSTANT_CONVERSION = YES;
				CLANG_WARN_DEPRECATED_OBJC_IMPLEMENTATIONS = YES;
				CLANG_WARN_DIRECT_OBJC_ISA_USAGE = YES_ERROR;
				CLANG_WARN_DOCUMENTATION_COMMENTS = YES;
				CLANG_WARN_EMPTY_BODY = YES;
				CLANG_WARN_ENUM_CONVERSION = YES;
				CLANG_WARN_INFINITE_RECURSION = YES;
				CLANG_WARN_INT_CONVERSION = YES;
				CLANG_WARN_NON_LITERAL_NULL_CONVERSION = YES;
				CLANG_WARN_OBJC_IMPLICIT_RETAIN_SELF = YES;
				CLANG_WARN_OBJC_LITERAL_CONVERSION = YES;
				CLANG_WARN_OBJC_ROOT_CLASS = YES_ERROR;
				CLANG_WARN_QUOTED_INCLUDE_IN_FRAMEWORK_HEADER = YES;
				CLANG_WARN_RANGE_LOOP_ANALYSIS = YES;
				CLANG_WARN_STRICT_PROTOTYPES = YES;
				CLANG_WARN_SUSPICIOUS_MOVE = YES;
				CLANG_WARN_UNGUARDED_AVAILABILITY = YES_AGGRESSIVE;
				CLANG_WARN_UNREACHABLE_CODE = YES;
				CLANG_WARN__DUPLICATE_METHOD_MATCH = YES;
				COPY_PHASE_STRIP = NO;
				DEBUG_INFORMATION_FORMAT = dwarf;
				ENABLE_STRICT_OBJC_MSGSEND = YES;
				ENABLE_TESTABILITY = YES;
				GCC_C_LANGUAGE_STANDARD = gnu11;
				GCC_DYNAMIC_NO_PIC = NO;
				GCC_NO_COMMON_BLOCKS = YES;
				GCC_OPTIMIZATION_LEVEL = 0;
				GCC_PREPROCESSOR_DEFINITIONS = (
					"DEBUG=1",
					"$(inherited)",
				);
				GCC_WARN_64_TO_32_BIT_CONVERSION = YES;
				GCC_WARN_ABOUT_RETURN_TYPE = YES_ERROR;
				GCC_WARN_UNDECLARED_SELECTOR = YES;
				GCC_WARN_UNINITIALIZED_AUTOS = YES_AGGRESSIVE;
				GCC_WARN_UNUSED_FUNCTION = YES;
				GCC_WARN_UNUSED_VARIABLE = YES;
				IPHONEOS_DEPLOYMENT_TARGET = 16.4;
				MTL_ENABLE_DEBUG_INFO = INCLUDE_SOURCE;
				MTL_FAST_MATH = YES;
				ONLY_ACTIVE_ARCH = YES;
				SDKROOT = iphoneos;
				SWIFT_ACTIVE_COMPILATION_CONDITIONS = DEBUG;
				SWIFT_OPTIMIZATION_LEVEL = "-Onone";
			};
			name = Debug;
		};
		79540DAF2A133F2200C96657 /* Release */ = {
			isa = XCBuildConfiguration;
			buildSettings = {
				ALWAYS_SEARCH_USER_PATHS = NO;
				CLANG_ANALYZER_NONNULL = YES;
				CLANG_ANALYZER_NUMBER_OBJECT_CONVERSION = YES_AGGRESSIVE;
				CLANG_CXX_LANGUAGE_STANDARD = "gnu++20";
				CLANG_ENABLE_MODULES = YES;
				CLANG_ENABLE_OBJC_ARC = YES;
				CLANG_ENABLE_OBJC_WEAK = YES;
				CLANG_WARN_BLOCK_CAPTURE_AUTORELEASING = YES;
				CLANG_WARN_BOOL_CONVERSION = YES;
				CLANG_WARN_COMMA = YES;
				CLANG_WARN_CONSTANT_CONVERSION = YES;
				CLANG_WARN_DEPRECATED_OBJC_IMPLEMENTATIONS = YES;
				CLANG_WARN_DIRECT_OBJC_ISA_USAGE = YES_ERROR;
				CLANG_WARN_DOCUMENTATION_COMMENTS = YES;
				CLANG_WARN_EMPTY_BODY = YES;
				CLANG_WARN_ENUM_CONVERSION = YES;
				CLANG_WARN_INFINITE_RECURSION = YES;
				CLANG_WARN_INT_CONVERSION = YES;
				CLANG_WARN_NON_LITERAL_NULL_CONVERSION = YES;
				CLANG_WARN_OBJC_IMPLICIT_RETAIN_SELF = YES;
				CLANG_WARN_OBJC_LITERAL_CONVERSION = YES;
				CLANG_WARN_OBJC_ROOT_CLASS = YES_ERROR;
				CLANG_WARN_QUOTED_INCLUDE_IN_FRAMEWORK_HEADER = YES;
				CLANG_WARN_RANGE_LOOP_ANALYSIS = YES;
				CLANG_WARN_STRICT_PROTOTYPES = YES;
				CLANG_WARN_SUSPICIOUS_MOVE = YES;
				CLANG_WARN_UNGUARDED_AVAILABILITY = YES_AGGRESSIVE;
				CLANG_WARN_UNREACHABLE_CODE = YES;
				CLANG_WARN__DUPLICATE_METHOD_MATCH = YES;
				COPY_PHASE_STRIP = NO;
				DEBUG_INFORMATION_FORMAT = "dwarf-with-dsym";
				ENABLE_NS_ASSERTIONS = NO;
				ENABLE_STRICT_OBJC_MSGSEND = YES;
				GCC_C_LANGUAGE_STANDARD = gnu11;
				GCC_NO_COMMON_BLOCKS = YES;
				GCC_WARN_64_TO_32_BIT_CONVERSION = YES;
				GCC_WARN_ABOUT_RETURN_TYPE = YES_ERROR;
				GCC_WARN_UNDECLARED_SELECTOR = YES;
				GCC_WARN_UNINITIALIZED_AUTOS = YES_AGGRESSIVE;
				GCC_WARN_UNUSED_FUNCTION = YES;
				GCC_WARN_UNUSED_VARIABLE = YES;
				IPHONEOS_DEPLOYMENT_TARGET = 16.4;
				MTL_ENABLE_DEBUG_INFO = NO;
				MTL_FAST_MATH = YES;
				SDKROOT = iphoneos;
				SWIFT_COMPILATION_MODE = wholemodule;
				SWIFT_OPTIMIZATION_LEVEL = "-O";
				VALIDATE_PRODUCT = YES;
			};
			name = Release;
		};
		79540DB12A133F2200C96657 /* Debug */ = {
			isa = XCBuildConfiguration;
			buildSettings = {
				ASSETCATALOG_COMPILER_APPICON_NAME = AppIcon;
				ASSETCATALOG_COMPILER_GLOBAL_ACCENT_COLOR_NAME = AccentColor;
				CODE_SIGN_STYLE = Automatic;
				CURRENT_PROJECT_VERSION = 1;
				DEVELOPMENT_ASSET_PATHS = "\"TestApp/Preview Content\"";
				ENABLE_PREVIEWS = YES;
				GENERATE_INFOPLIST_FILE = YES;
				INFOPLIST_KEY_UIApplicationSceneManifest_Generation = YES;
				INFOPLIST_KEY_UIApplicationSupportsIndirectInputEvents = YES;
				INFOPLIST_KEY_UILaunchScreen_Generation = YES;
				INFOPLIST_KEY_UISupportedInterfaceOrientations_iPad = "UIInterfaceOrientationPortrait UIInterfaceOrientationPortraitUpsideDown UIInterfaceOrientationLandscapeLeft UIInterfaceOrientationLandscapeRight";
				INFOPLIST_KEY_UISupportedInterfaceOrientations_iPhone = "UIInterfaceOrientationPortrait UIInterfaceOrientationLandscapeLeft UIInterfaceOrientationLandscapeRight";
				LD_RUNPATH_SEARCH_PATHS = (
					"$(inherited)",
					"@executable_path/Frameworks",
				);
				MARKETING_VERSION = 1.0;
				PRODUCT_BUNDLE_IDENTIFIER = kotsevasker.TestApp;
				PRODUCT_NAME = "$(TARGET_NAME)";
				SWIFT_EMIT_LOC_STRINGS = YES;
				SWIFT_VERSION = 5.0;
				TARGETED_DEVICE_FAMILY = "1,2";
			};
			name = Debug;
		};
		79540DB22A133F2200C96657 /* Release */ = {
			isa = XCBuildConfiguration;
			buildSettings = {
				ASSETCATALOG_COMPILER_APPICON_NAME = AppIcon;
				ASSETCATALOG_COMPILER_GLOBAL_ACCENT_COLOR_NAME = AccentColor;
				CODE_SIGN_STYLE = Automatic;
				CURRENT_PROJECT_VERSION = 1;
				DEVELOPMENT_ASSET_PATHS = "\"TestApp/Preview Content\"";
				ENABLE_PREVIEWS = YES;
				GENERATE_INFOPLIST_FILE = YES;
				INFOPLIST_KEY_UIApplicationSceneManifest_Generation = YES;
				INFOPLIST_KEY_UIApplicationSupportsIndirectInputEvents = YES;
				INFOPLIST_KEY_UILaunchScreen_Generation = YES;
				INFOPLIST_KEY_UISupportedInterfaceOrientations_iPad = "UIInterfaceOrientationPortrait UIInterfaceOrientationPortraitUpsideDown UIInterfaceOrientationLandscapeLeft UIInterfaceOrientationLandscapeRight";
				INFOPLIST_KEY_UISupportedInterfaceOrientations_iPhone = "UIInterfaceOrientationPortrait UIInterfaceOrientationLandscapeLeft UIInterfaceOrientationLandscapeRight";
				LD_RUNPATH_SEARCH_PATHS = (
					"$(inherited)",
					"@executable_path/Frameworks",
				);
				MARKETING_VERSION = 1.0;
				PRODUCT_BUNDLE_IDENTIFIER = kotsevasker.TestApp;
				PRODUCT_NAME = "$(TARGET_NAME)";
				SWIFT_EMIT_LOC_STRINGS = YES;
				SWIFT_VERSION = 5.0;
				TARGETED_DEVICE_FAMILY = "1,2";
			};
			name = Release;
		};
/* End XCBuildConfiguration section */

/* Begin XCConfigurationList section */
		79540D9D2A133F2100C96657 /* Build configuration list for PBXProject "TestApp" */ = {
			isa = XCConfigurationList;
			buildConfigurations = (
				79540DAE2A133F2200C96657 /* Debug */,
				79540DAF2A133F2200C96657 /* Release */,
			);
			defaultConfigurationIsVisible = 0;
			defaultConfigurationName = Release;
		};
		79540DB02A133F2200C96657 /* Build configuration list for PBXNativeTarget "TestApp" */ = {
			isa = XCConfigurationList;
			buildConfigurations = (
				79540DB12A133F2200C96657 /* Debug */,
				79540DB22A133F2200C96657 /* Release */,
			);
			defaultConfigurationIsVisible = 0;
			defaultConfigurationName = Release;
		};
/* End XCConfigurationList section */

/* Begin XCRemoteSwiftPackageReference section */
		79540DC82A13669000C96657 /* XCRemoteSwiftPackageReference "firebase-ios-sdk" */ = {
			isa = XCRemoteSwiftPackageReference;
			repositoryURL = "https://github.com/firebase/firebase-ios-sdk";
			requirement = {
				kind = upToNextMinorVersion;
				minimumVersion = 10.9.0;
			};
		};
/* End XCRemoteSwiftPackageReference section */

/* Begin XCSwiftPackageProductDependency section */
		79540DC92A13669000C96657 /* FirebaseAuth */ = {
			isa = XCSwiftPackageProductDependency;
			package = 79540DC82A13669000C96657 /* XCRemoteSwiftPackageReference "firebase-ios-sdk" */;
			productName = FirebaseAuth;
		};
		79540DCB2A13669000C96657 /* FirebaseDatabase */ = {
			isa = XCSwiftPackageProductDependency;
			package = 79540DC82A13669000C96657 /* XCRemoteSwiftPackageReference "firebase-ios-sdk" */;
			productName = FirebaseDatabase;
		};
		79540DCD2A13669000C96657 /* FirebaseDatabaseSwift */ = {
			isa = XCSwiftPackageProductDependency;
			package = 79540DC82A13669000C96657 /* XCRemoteSwiftPackageReference "firebase-ios-sdk" */;
			productName = FirebaseDatabaseSwift;
		};
		79540DCF2A13669000C96657 /* FirebaseFirestore */ = {
			isa = XCSwiftPackageProductDependency;
			package = 79540DC82A13669000C96657 /* XCRemoteSwiftPackageReference "firebase-ios-sdk" */;
			productName = FirebaseFirestore;
		};
		79540DD12A13669000C96657 /* FirebaseFirestoreSwift */ = {
			isa = XCSwiftPackageProductDependency;
			package = 79540DC82A13669000C96657 /* XCRemoteSwiftPackageReference "firebase-ios-sdk" */;
			productName = FirebaseFirestoreSwift;
		};
		79540DD32A13669000C96657 /* FirebaseStorage */ = {
			isa = XCSwiftPackageProductDependency;
			package = 79540DC82A13669000C96657 /* XCRemoteSwiftPackageReference "firebase-ios-sdk" */;
			productName = FirebaseStorage;
		};
/* End XCSwiftPackageProductDependency section */
	};
	rootObject = 79540D9A2A133F2100C96657 /* Project object */;
}
